schema: '2.0'
stages:
  data_ingestion:
    cmd: python src/data_ingestion.py
    deps:
    - path: src/data_ingestion.py
      hash: md5
      md5: 0562ab672a3afc0e5afa6e2624f44314
      size: 1652
    outs:
    - path: data/preprocessed_data.csv
      hash: md5
      md5: bae5147628f4e6b5fb08a4805d69e961
      size: 77914362
  feature_engineering:
    cmd: python src/feature_engineering.py
    deps:
    - path: data/preprocessed_data.csv
      hash: md5
      md5: bae5147628f4e6b5fb08a4805d69e961
      size: 77914362
    - path: src/feature_engineering.py
      hash: md5
      md5: 59021d12f90ef89fcb394d370bd57388
      size: 3146
    outs:
    - path: ./saved_tokenizer
      hash: md5
      md5: 83879e8878b95fe38c6d4e14cc961af0.dir
      size: 711747
      nfiles: 2
    - path: data/tokenized_test
      hash: md5
      md5: b2048ea05e081bd36443d486ca99edcd.dir
      size: 25348106
      nfiles: 3
    - path: data/tokenized_train
      hash: md5
      md5: 26d71e79004bfd4ce4de92b1d25bb120.dir
      size: 103668682
      nfiles: 3
  model_training:
    cmd: python src/build_model.py
    deps:
    - path: ./saved_tokenizer
      hash: md5
      md5: 83879e8878b95fe38c6d4e14cc961af0.dir
      size: 711747
      nfiles: 2
    - path: data/tokenized_test
      hash: md5
      md5: b2048ea05e081bd36443d486ca99edcd.dir
      size: 25348106
      nfiles: 3
    - path: data/tokenized_train
      hash: md5
      md5: 26d71e79004bfd4ce4de92b1d25bb120.dir
      size: 103668682
      nfiles: 3
    - path: src/build_model.py
      hash: md5
      md5: 774d9fd10535e1f28dbd9d7cf4aa3696
      size: 4507
    outs:
    - path: models/distillbert
      hash: md5
      md5: 3b77d12030af9416660475808830b4fe.dir
      size: 805230401
      nfiles: 9
  model_evaluation:
    cmd: python src/model_evaluation.py
    deps:
    - path: data/tokenized_test
      hash: md5
      md5: b2048ea05e081bd36443d486ca99edcd.dir
      size: 25348106
      nfiles: 3
    - path: models/distillbert
      hash: md5
      md5: 3b77d12030af9416660475808830b4fe.dir
      size: 805230401
      nfiles: 9
    - path: src/model_evaluation.py
      hash: md5
      md5: e56ff89ed81c93993a3ab37d77453657
      size: 3984
    outs:
    - path: eval_results
      hash: md5
      md5: d751713988987e9331980363e24189ce.dir
      size: 0
      nfiles: 0
    - path: metrics.json
      hash: md5
      md5: 548d46cd5c573d20793966e39403e291
      size: 232
